
Microsoft Visual Studio Solution File, Format Version 12.00
# Visual Studio 14
VisualStudioVersion = 14.0.25420.1
MinimumVisualStudioVersion = 10.0.40219.1
Project("{F184B08F-C81C-45F6-A57F-5ABD9991F28F}") = "WebTest", "WebTest\WebTest.vbproj", "{D224EFA6-4BAE-4434-BA5C-49A6C84E8F51}"
EndProject
Project("{FAE04EC0-301F-11D3-BF4B-00C04F79EFBC}") = "WebTestSharp", "WebTestSharp\WebTestSharp.csproj", "{6DDAD6FA-FE2D-4C3A-B81E-792B91196905}"
EndProject
Project("{FAE04EC0-301F-11D3-BF4B-00C04F79EFBC}") = "ConsoleTestSharp", "ConsoleTestSharp\ConsoleTestSharp.csproj", "{5E82BCFD-5F63-4541-B753-07AF5E985C96}"
EndProject
Project("{FAE04EC0-301F-11D3-BF4B-00C04F79EFBC}") = "WebTestBundleSourceMap", "WebTestBundleSourceMap\WebTestBundleSourceMap.csproj", "{FCDB5461-0DF0-4BB4-8395-7A988370549E}"
EndProject
Global
	GlobalSection(SolutionConfigurationPlatforms) = preSolution
		Debug|Any CPU = Debug|Any CPU
		Release|Any CPU = Release|Any CPU
	EndGlobalSection
	GlobalSection(ProjectConfigurationPlatforms) = postSolution
		{D224EFA6-4BAE-4434-BA5C-49A6C84E8F51}.Debug|Any CPU.ActiveCfg = Debug|Any CPU
		{D224EFA6-4BAE-4434-BA5C-49A6C84E8F51}.Debug|Any CPU.Build.0 = Debug|Any CPU
		{D224EFA6-4BAE-4434-BA5C-49A6C84E8F51}.Release|Any CPU.ActiveCfg = Release|Any CPU
		{D224EFA6-4BAE-4434-BA5C-49A6C84E8F51}.Release|Any CPU.Build.0 = Release|Any CPU
		{6DDAD6FA-FE2D-4C3A-B81E-792B91196905}.Debug|Any CPU.ActiveCfg = Debug|Any CPU
		{6DDAD6FA-FE2D-4C3A-B81E-792B91196905}.Debug|Any CPU.Build.0 = Debug|Any CPU
		{6DDAD6FA-FE2D-4C3A-B81E-792B91196905}.Release|Any CPU.ActiveCfg = Release|Any CPU
		{6DDAD6FA-FE2D-4C3A-B81E-792B91196905}.Release|Any CPU.Build.0 = Release|Any CPU
		{5E82BCFD-5F63-4541-B753-07AF5E985C96}.Debug|Any CPU.ActiveCfg = Debug|Any CPU
		{5E82BCFD-5F63-4541-B753-07AF5E985C96}.Debug|Any CPU.Build.0 = Debug|Any CPU
		{5E82BCFD-5F63-4541-B753-07AF5E985C96}.Release|Any CPU.ActiveCfg = Release|Any CPU
		{5E82BCFD-5F63-4541-B753-07AF5E985C96}.Release|Any CPU.Build.0 = Release|Any CPU
		{FCDB5461-0DF0-4BB4-8395-7A988370549E}.Debug|Any CPU.ActiveCfg = Debug|Any CPU
		{FCDB5461-0DF0-4BB4-8395-7A988370549E}.Debug|Any CPU.Build.0 = Debug|Any CPU
		{FCDB5461-0DF0-4BB4-8395-7A988370549E}.Release|Any CPU.ActiveCfg = Release|Any CPU
		{FCDB5461-0DF0-4BB4-8395-7A988370549E}.Release|Any CPU.Build.0 = Release|Any CPU
	EndGlobalSection
	GlobalSection(SolutionProperties) = preSolution
		HideSolutionNode = FALSE
	EndGlobalSection
EndGlobal
